
Microsoft Visual Studio Solution File, Format Version 12.00
# Visual Studio 14
VisualStudioVersion = 14.0.25420.1
MinimumVisualStudioVersion = 10.0.40219.1
Project("{F184B08F-C81C-45F6-A57F-5ABD9991F28F}") = "SIES 0.0.2", "SIES 0.0.2\SIES 0.0.2.vbproj", "{4B34D610-0A09-4B58-B3E9-D82E1E208288}"
EndProject
Project("{F184B08F-C81C-45F6-A57F-5ABD9991F28F}") = "DATOS", "DATOS\DATOS.vbproj", "{A10A4355-2412-4C6C-9F1E-4BCB310B4308}"
EndProject
Project("{F184B08F-C81C-45F6-A57F-5ABD9991F28F}") = "ENTIDAD", "ENTIDAD\ENTIDAD.vbproj", "{9A5CF9CB-CA22-4FAB-819C-37747D6CC85F}"
EndProject
Global
	GlobalSection(SolutionConfigurationPlatforms) = preSolution
		Debug|Any CPU = Debug|Any CPU
		Release|Any CPU = Release|Any CPU
	EndGlobalSection
	GlobalSection(ProjectConfigurationPlatforms) = postSolution
		{4B34D610-0A09-4B58-B3E9-D82E1E208288}.Debug|Any CPU.ActiveCfg = Debug|Any CPU
		{4B34D610-0A09-4B58-B3E9-D82E1E208288}.Debug|Any CPU.Build.0 = Debug|Any CPU
		{4B34D610-0A09-4B58-B3E9-D82E1E208288}.Release|Any CPU.ActiveCfg = Release|Any CPU
		{4B34D610-0A09-4B58-B3E9-D82E1E208288}.Release|Any CPU.Build.0 = Release|Any CPU
		{A10A4355-2412-4C6C-9F1E-4BCB310B4308}.Debug|Any CPU.ActiveCfg = Debug|Any CPU
		{A10A4355-2412-4C6C-9F1E-4BCB310B4308}.Debug|Any CPU.Build.0 = Debug|Any CPU
		{A10A4355-2412-4C6C-9F1E-4BCB310B4308}.Release|Any CPU.ActiveCfg = Release|Any CPU
		{A10A4355-2412-4C6C-9F1E-4BCB310B4308}.Release|Any CPU.Build.0 = Release|Any CPU
		{9A5CF9CB-CA22-4FAB-819C-37747D6CC85F}.Debug|Any CPU.ActiveCfg = Debug|Any CPU
		{9A5CF9CB-CA22-4FAB-819C-37747D6CC85F}.Debug|Any CPU.Build.0 = Debug|Any CPU
		{9A5CF9CB-CA22-4FAB-819C-37747D6CC85F}.Release|Any CPU.ActiveCfg = Release|Any CPU
		{9A5CF9CB-CA22-4FAB-819C-37747D6CC85F}.Release|Any CPU.Build.0 = Release|Any CPU
	EndGlobalSection
	GlobalSection(SolutionProperties) = preSolution
		HideSolutionNode = FALSE
	EndGlobalSection
EndGlobal
